
Microsoft Visual Studio Solution File, Format Version 12.00
# Visual Studio Version 16
VisualStudioVersion = 16.0.808.6
MinimumVisualStudioVersion = 10.0.40219.1
Project("{FAE04EC0-301F-11D3-BF4B-00C04F79EFBC}") = "Entrydemo.Android", "Entrydemo.Android\Entrydemo.Android.csproj", "{64F96E36-C133-4D95-88F0-F2F31F5548C5}"
EndProject
Project("{FAE04EC0-301F-11D3-BF4B-00C04F79EFBC}") = "Entrydemo.iOS", "Entrydemo.iOS\Entrydemo.iOS.csproj", "{320BE797-3992-43B8-BBF7-D4B99607850C}"
EndProject
Project("{FAE04EC0-301F-11D3-BF4B-00C04F79EFBC}") = "Entrydemo", "Entrydemo\Entrydemo.csproj", "{526B0D26-1358-4C79-AE87-A612C01DA3FB}"
EndProject
Global
	GlobalSection(SolutionConfigurationPlatforms) = preSolution
		Debug|Any CPU = Debug|Any CPU
		Release|Any CPU = Release|Any CPU
		Debug|iPhoneSimulator = Debug|iPhoneSimulator
		Release|iPhoneSimulator = Release|iPhoneSimulator
		Debug|iPhone = Debug|iPhone
		Release|iPhone = Release|iPhone
	EndGlobalSection
	GlobalSection(ProjectConfigurationPlatforms) = postSolution
		{64F96E36-C133-4D95-88F0-F2F31F5548C5}.Debug|Any CPU.ActiveCfg = Debug|Any CPU
		{64F96E36-C133-4D95-88F0-F2F31F5548C5}.Debug|Any CPU.Build.0 = Debug|Any CPU
		{64F96E36-C133-4D95-88F0-F2F31F5548C5}.Release|Any CPU.ActiveCfg = Release|Any CPU
		{64F96E36-C133-4D95-88F0-F2F31F5548C5}.Release|Any CPU.Build.0 = Release|Any CPU
		{64F96E36-C133-4D95-88F0-F2F31F5548C5}.Debug|iPhoneSimulator.ActiveCfg = Debug|Any CPU
		{64F96E36-C133-4D95-88F0-F2F31F5548C5}.Debug|iPhoneSimulator.Build.0 = Debug|Any CPU
		{64F96E36-C133-4D95-88F0-F2F31F5548C5}.Release|iPhoneSimulator.ActiveCfg = Release|Any CPU
		{64F96E36-C133-4D95-88F0-F2F31F5548C5}.Release|iPhoneSimulator.Build.0 = Release|Any CPU
		{64F96E36-C133-4D95-88F0-F2F31F5548C5}.Debug|iPhone.ActiveCfg = Debug|Any CPU
		{64F96E36-C133-4D95-88F0-F2F31F5548C5}.Debug|iPhone.Build.0 = Debug|Any CPU
		{64F96E36-C133-4D95-88F0-F2F31F5548C5}.Release|iPhone.ActiveCfg = Release|Any CPU
		{64F96E36-C133-4D95-88F0-F2F31F5548C5}.Release|iPhone.Build.0 = Release|Any CPU
		{320BE797-3992-43B8-BBF7-D4B99607850C}.Debug|Any CPU.ActiveCfg = Debug|iPhoneSimulator
		{320BE797-3992-43B8-BBF7-D4B99607850C}.Debug|Any CPU.Build.0 = Debug|iPhoneSimulator
		{320BE797-3992-43B8-BBF7-D4B99607850C}.Release|Any CPU.ActiveCfg = Release|iPhoneSimulator
		{320BE797-3992-43B8-BBF7-D4B99607850C}.Release|Any CPU.Build.0 = Release|iPhoneSimulator
		{320BE797-3992-43B8-BBF7-D4B99607850C}.Debug|iPhoneSimulator.ActiveCfg = Debug|iPhoneSimulator
		{320BE797-3992-43B8-BBF7-D4B99607850C}.Debug|iPhoneSimulator.Build.0 = Debug|iPhoneSimulator
		{320BE797-3992-43B8-BBF7-D4B99607850C}.Release|iPhoneSimulator.ActiveCfg = Release|iPhoneSimulator
		{320BE797-3992-43B8-BBF7-D4B99607850C}.Release|iPhoneSimulator.Build.0 = Release|iPhoneSimulator
		{320BE797-3992-43B8-BBF7-D4B99607850C}.Debug|iPhone.ActiveCfg = Debug|iPhone
		{320BE797-3992-43B8-BBF7-D4B99607850C}.Debug|iPhone.Build.0 = Debug|iPhone
		{320BE797-3992-43B8-BBF7-D4B99607850C}.Release|iPhone.ActiveCfg = Release|iPhone
		{320BE797-3992-43B8-BBF7-D4B99607850C}.Release|iPhone.Build.0 = Release|iPhone
		{526B0D26-1358-4C79-AE87-A612C01DA3FB}.Debug|Any CPU.ActiveCfg = Debug|Any CPU
		{526B0D26-1358-4C79-AE87-A612C01DA3FB}.Debug|Any CPU.Build.0 = Debug|Any CPU
		{526B0D26-1358-4C79-AE87-A612C01DA3FB}.Release|Any CPU.ActiveCfg = Release|Any CPU
		{526B0D26-1358-4C79-AE87-A612C01DA3FB}.Release|Any CPU.Build.0 = Release|Any CPU
		{526B0D26-1358-4C79-AE87-A612C01DA3FB}.Debug|iPhoneSimulator.ActiveCfg = Debug|Any CPU
		{526B0D26-1358-4C79-AE87-A612C01DA3FB}.Debug|iPhoneSimulator.Build.0 = Debug|Any CPU
		{526B0D26-1358-4C79-AE87-A612C01DA3FB}.Release|iPhoneSimulator.ActiveCfg = Release|Any CPU
		{526B0D26-1358-4C79-AE87-A612C01DA3FB}.Release|iPhoneSimulator.Build.0 = Release|Any CPU
		{526B0D26-1358-4C79-AE87-A612C01DA3FB}.Debug|iPhone.ActiveCfg = Debug|Any CPU
		{526B0D26-1358-4C79-AE87-A612C01DA3FB}.Debug|iPhone.Build.0 = Debug|Any CPU
		{526B0D26-1358-4C79-AE87-A612C01DA3FB}.Release|iPhone.ActiveCfg = Release|Any CPU
		{526B0D26-1358-4C79-AE87-A612C01DA3FB}.Release|iPhone.Build.0 = Release|Any CPU
	EndGlobalSection
	GlobalSection(SolutionProperties) = preSolution
		HideSolutionNode = FALSE
	EndGlobalSection
	GlobalSection(ExtensibilityGlobals) = postSolution
		SolutionGuid = {8D37B47F-0869-4F1F-9026-182F19913198}
	EndGlobalSection
EndGlobal
