
Microsoft Visual Studio Solution File, Format Version 12.00
# Visual Studio Version 16
VisualStudioVersion = 16.0.808.6
MinimumVisualStudioVersion = 10.0.40219.1
Project("{FAE04EC0-301F-11D3-BF4B-00C04F79EFBC}") = "Imagedemo.Android", "Imagedemo.Android\Imagedemo.Android.csproj", "{F1C9AAD3-AF51-4667-93C9-AB76AF2FBA06}"
EndProject
Project("{FAE04EC0-301F-11D3-BF4B-00C04F79EFBC}") = "Imagedemo.iOS", "Imagedemo.iOS\Imagedemo.iOS.csproj", "{87D5DED9-6523-4FE3-B38F-EF1CDAF8EE47}"
EndProject
Project("{FAE04EC0-301F-11D3-BF4B-00C04F79EFBC}") = "Imagedemo", "Imagedemo\Imagedemo.csproj", "{2F7E4EDA-9F43-4AE9-97C7-6F7383D0750A}"
EndProject
Global
	GlobalSection(SolutionConfigurationPlatforms) = preSolution
		Debug|Any CPU = Debug|Any CPU
		Release|Any CPU = Release|Any CPU
		Debug|iPhoneSimulator = Debug|iPhoneSimulator
		Release|iPhoneSimulator = Release|iPhoneSimulator
		Debug|iPhone = Debug|iPhone
		Release|iPhone = Release|iPhone
	EndGlobalSection
	GlobalSection(ProjectConfigurationPlatforms) = postSolution
		{F1C9AAD3-AF51-4667-93C9-AB76AF2FBA06}.Debug|Any CPU.ActiveCfg = Debug|Any CPU
		{F1C9AAD3-AF51-4667-93C9-AB76AF2FBA06}.Debug|Any CPU.Build.0 = Debug|Any CPU
		{F1C9AAD3-AF51-4667-93C9-AB76AF2FBA06}.Release|Any CPU.ActiveCfg = Release|Any CPU
		{F1C9AAD3-AF51-4667-93C9-AB76AF2FBA06}.Release|Any CPU.Build.0 = Release|Any CPU
		{F1C9AAD3-AF51-4667-93C9-AB76AF2FBA06}.Debug|iPhoneSimulator.ActiveCfg = Debug|Any CPU
		{F1C9AAD3-AF51-4667-93C9-AB76AF2FBA06}.Debug|iPhoneSimulator.Build.0 = Debug|Any CPU
		{F1C9AAD3-AF51-4667-93C9-AB76AF2FBA06}.Release|iPhoneSimulator.ActiveCfg = Release|Any CPU
		{F1C9AAD3-AF51-4667-93C9-AB76AF2FBA06}.Release|iPhoneSimulator.Build.0 = Release|Any CPU
		{F1C9AAD3-AF51-4667-93C9-AB76AF2FBA06}.Debug|iPhone.ActiveCfg = Debug|Any CPU
		{F1C9AAD3-AF51-4667-93C9-AB76AF2FBA06}.Debug|iPhone.Build.0 = Debug|Any CPU
		{F1C9AAD3-AF51-4667-93C9-AB76AF2FBA06}.Release|iPhone.ActiveCfg = Release|Any CPU
		{F1C9AAD3-AF51-4667-93C9-AB76AF2FBA06}.Release|iPhone.Build.0 = Release|Any CPU
		{87D5DED9-6523-4FE3-B38F-EF1CDAF8EE47}.Debug|Any CPU.ActiveCfg = Debug|iPhoneSimulator
		{87D5DED9-6523-4FE3-B38F-EF1CDAF8EE47}.Debug|Any CPU.Build.0 = Debug|iPhoneSimulator
		{87D5DED9-6523-4FE3-B38F-EF1CDAF8EE47}.Release|Any CPU.ActiveCfg = Release|iPhoneSimulator
		{87D5DED9-6523-4FE3-B38F-EF1CDAF8EE47}.Release|Any CPU.Build.0 = Release|iPhoneSimulator
		{87D5DED9-6523-4FE3-B38F-EF1CDAF8EE47}.Debug|iPhoneSimulator.ActiveCfg = Debug|iPhoneSimulator
		{87D5DED9-6523-4FE3-B38F-EF1CDAF8EE47}.Debug|iPhoneSimulator.Build.0 = Debug|iPhoneSimulator
		{87D5DED9-6523-4FE3-B38F-EF1CDAF8EE47}.Release|iPhoneSimulator.ActiveCfg = Release|iPhoneSimulator
		{87D5DED9-6523-4FE3-B38F-EF1CDAF8EE47}.Release|iPhoneSimulator.Build.0 = Release|iPhoneSimulator
		{87D5DED9-6523-4FE3-B38F-EF1CDAF8EE47}.Debug|iPhone.ActiveCfg = Debug|iPhone
		{87D5DED9-6523-4FE3-B38F-EF1CDAF8EE47}.Debug|iPhone.Build.0 = Debug|iPhone
		{87D5DED9-6523-4FE3-B38F-EF1CDAF8EE47}.Release|iPhone.ActiveCfg = Release|iPhone
		{87D5DED9-6523-4FE3-B38F-EF1CDAF8EE47}.Release|iPhone.Build.0 = Release|iPhone
		{2F7E4EDA-9F43-4AE9-97C7-6F7383D0750A}.Debug|Any CPU.ActiveCfg = Debug|Any CPU
		{2F7E4EDA-9F43-4AE9-97C7-6F7383D0750A}.Debug|Any CPU.Build.0 = Debug|Any CPU
		{2F7E4EDA-9F43-4AE9-97C7-6F7383D0750A}.Release|Any CPU.ActiveCfg = Release|Any CPU
		{2F7E4EDA-9F43-4AE9-97C7-6F7383D0750A}.Release|Any CPU.Build.0 = Release|Any CPU
		{2F7E4EDA-9F43-4AE9-97C7-6F7383D0750A}.Debug|iPhoneSimulator.ActiveCfg = Debug|Any CPU
		{2F7E4EDA-9F43-4AE9-97C7-6F7383D0750A}.Debug|iPhoneSimulator.Build.0 = Debug|Any CPU
		{2F7E4EDA-9F43-4AE9-97C7-6F7383D0750A}.Release|iPhoneSimulator.ActiveCfg = Release|Any CPU
		{2F7E4EDA-9F43-4AE9-97C7-6F7383D0750A}.Release|iPhoneSimulator.Build.0 = Release|Any CPU
		{2F7E4EDA-9F43-4AE9-97C7-6F7383D0750A}.Debug|iPhone.ActiveCfg = Debug|Any CPU
		{2F7E4EDA-9F43-4AE9-97C7-6F7383D0750A}.Debug|iPhone.Build.0 = Debug|Any CPU
		{2F7E4EDA-9F43-4AE9-97C7-6F7383D0750A}.Release|iPhone.ActiveCfg = Release|Any CPU
		{2F7E4EDA-9F43-4AE9-97C7-6F7383D0750A}.Release|iPhone.Build.0 = Release|Any CPU
	EndGlobalSection
	GlobalSection(SolutionProperties) = preSolution
		HideSolutionNode = FALSE
	EndGlobalSection
	GlobalSection(ExtensibilityGlobals) = postSolution
		SolutionGuid = {D3BB7641-4DF9-4B3A-878C-E896545301A5}
	EndGlobalSection
EndGlobal
