
Microsoft Visual Studio Solution File, Format Version 12.00
# Visual Studio Version 16
VisualStudioVersion = 16.0.808.6
MinimumVisualStudioVersion = 10.0.40219.1
Project("{FAE04EC0-301F-11D3-BF4B-00C04F79EFBC}") = "ListViewDemo.Android", "ListViewDemo.Android\ListViewDemo.Android.csproj", "{FB2228A8-55D4-4F4F-BF50-E3CBDB3F9009}"
EndProject
Project("{FAE04EC0-301F-11D3-BF4B-00C04F79EFBC}") = "ListViewDemo.iOS", "ListViewDemo.iOS\ListViewDemo.iOS.csproj", "{C51C14D8-74E9-4103-8F02-68A8CAD62D39}"
EndProject
Project("{FAE04EC0-301F-11D3-BF4B-00C04F79EFBC}") = "ListViewDemo", "ListViewDemo\ListViewDemo.csproj", "{454E1238-BD19-4EFC-A148-16801C288780}"
EndProject
Global
	GlobalSection(SolutionConfigurationPlatforms) = preSolution
		Debug|Any CPU = Debug|Any CPU
		Release|Any CPU = Release|Any CPU
		Debug|iPhoneSimulator = Debug|iPhoneSimulator
		Release|iPhoneSimulator = Release|iPhoneSimulator
		Debug|iPhone = Debug|iPhone
		Release|iPhone = Release|iPhone
	EndGlobalSection
	GlobalSection(ProjectConfigurationPlatforms) = postSolution
		{FB2228A8-55D4-4F4F-BF50-E3CBDB3F9009}.Debug|Any CPU.ActiveCfg = Debug|Any CPU
		{FB2228A8-55D4-4F4F-BF50-E3CBDB3F9009}.Debug|Any CPU.Build.0 = Debug|Any CPU
		{FB2228A8-55D4-4F4F-BF50-E3CBDB3F9009}.Release|Any CPU.ActiveCfg = Release|Any CPU
		{FB2228A8-55D4-4F4F-BF50-E3CBDB3F9009}.Release|Any CPU.Build.0 = Release|Any CPU
		{FB2228A8-55D4-4F4F-BF50-E3CBDB3F9009}.Debug|iPhoneSimulator.ActiveCfg = Debug|Any CPU
		{FB2228A8-55D4-4F4F-BF50-E3CBDB3F9009}.Debug|iPhoneSimulator.Build.0 = Debug|Any CPU
		{FB2228A8-55D4-4F4F-BF50-E3CBDB3F9009}.Release|iPhoneSimulator.ActiveCfg = Release|Any CPU
		{FB2228A8-55D4-4F4F-BF50-E3CBDB3F9009}.Release|iPhoneSimulator.Build.0 = Release|Any CPU
		{FB2228A8-55D4-4F4F-BF50-E3CBDB3F9009}.Debug|iPhone.ActiveCfg = Debug|Any CPU
		{FB2228A8-55D4-4F4F-BF50-E3CBDB3F9009}.Debug|iPhone.Build.0 = Debug|Any CPU
		{FB2228A8-55D4-4F4F-BF50-E3CBDB3F9009}.Release|iPhone.ActiveCfg = Release|Any CPU
		{FB2228A8-55D4-4F4F-BF50-E3CBDB3F9009}.Release|iPhone.Build.0 = Release|Any CPU
		{C51C14D8-74E9-4103-8F02-68A8CAD62D39}.Debug|Any CPU.ActiveCfg = Debug|iPhoneSimulator
		{C51C14D8-74E9-4103-8F02-68A8CAD62D39}.Debug|Any CPU.Build.0 = Debug|iPhoneSimulator
		{C51C14D8-74E9-4103-8F02-68A8CAD62D39}.Release|Any CPU.ActiveCfg = Release|iPhoneSimulator
		{C51C14D8-74E9-4103-8F02-68A8CAD62D39}.Release|Any CPU.Build.0 = Release|iPhoneSimulator
		{C51C14D8-74E9-4103-8F02-68A8CAD62D39}.Debug|iPhoneSimulator.ActiveCfg = Debug|iPhoneSimulator
		{C51C14D8-74E9-4103-8F02-68A8CAD62D39}.Debug|iPhoneSimulator.Build.0 = Debug|iPhoneSimulator
		{C51C14D8-74E9-4103-8F02-68A8CAD62D39}.Release|iPhoneSimulator.ActiveCfg = Release|iPhoneSimulator
		{C51C14D8-74E9-4103-8F02-68A8CAD62D39}.Release|iPhoneSimulator.Build.0 = Release|iPhoneSimulator
		{C51C14D8-74E9-4103-8F02-68A8CAD62D39}.Debug|iPhone.ActiveCfg = Debug|iPhone
		{C51C14D8-74E9-4103-8F02-68A8CAD62D39}.Debug|iPhone.Build.0 = Debug|iPhone
		{C51C14D8-74E9-4103-8F02-68A8CAD62D39}.Release|iPhone.ActiveCfg = Release|iPhone
		{C51C14D8-74E9-4103-8F02-68A8CAD62D39}.Release|iPhone.Build.0 = Release|iPhone
		{454E1238-BD19-4EFC-A148-16801C288780}.Debug|Any CPU.ActiveCfg = Debug|Any CPU
		{454E1238-BD19-4EFC-A148-16801C288780}.Debug|Any CPU.Build.0 = Debug|Any CPU
		{454E1238-BD19-4EFC-A148-16801C288780}.Release|Any CPU.ActiveCfg = Release|Any CPU
		{454E1238-BD19-4EFC-A148-16801C288780}.Release|Any CPU.Build.0 = Release|Any CPU
		{454E1238-BD19-4EFC-A148-16801C288780}.Debug|iPhoneSimulator.ActiveCfg = Debug|Any CPU
		{454E1238-BD19-4EFC-A148-16801C288780}.Debug|iPhoneSimulator.Build.0 = Debug|Any CPU
		{454E1238-BD19-4EFC-A148-16801C288780}.Release|iPhoneSimulator.ActiveCfg = Release|Any CPU
		{454E1238-BD19-4EFC-A148-16801C288780}.Release|iPhoneSimulator.Build.0 = Release|Any CPU
		{454E1238-BD19-4EFC-A148-16801C288780}.Debug|iPhone.ActiveCfg = Debug|Any CPU
		{454E1238-BD19-4EFC-A148-16801C288780}.Debug|iPhone.Build.0 = Debug|Any CPU
		{454E1238-BD19-4EFC-A148-16801C288780}.Release|iPhone.ActiveCfg = Release|Any CPU
		{454E1238-BD19-4EFC-A148-16801C288780}.Release|iPhone.Build.0 = Release|Any CPU
	EndGlobalSection
	GlobalSection(SolutionProperties) = preSolution
		HideSolutionNode = FALSE
	EndGlobalSection
	GlobalSection(ExtensibilityGlobals) = postSolution
		SolutionGuid = {29C71255-9DB2-4019-A5FC-73FD07BF7130}
	EndGlobalSection
EndGlobal
